
Microsoft Visual Studio Solution File, Format Version 12.00
# Visual Studio 14
VisualStudioVersion = 14.0.23107.0
MinimumVisualStudioVersion = 10.0.40219.1
Project("{FAE04EC0-301F-11D3-BF4B-00C04F79EFBC}") = "Documents Reclaimer", "Documents Reclaimer\Documents Reclaimer.csproj", "{0C7FEE28-56F6-4009-87F3-94E2809A1B83}"
EndProject
Global
	GlobalSection(SolutionConfigurationPlatforms) = preSolution
		Debug|Any CPU = Debug|Any CPU
		Release|Any CPU = Release|Any CPU
	EndGlobalSection
	GlobalSection(ProjectConfigurationPlatforms) = postSolution
		{0C7FEE28-56F6-4009-87F3-94E2809A1B83}.Debug|Any CPU.ActiveCfg = Debug|Any CPU
		{0C7FEE28-56F6-4009-87F3-94E2809A1B83}.Debug|Any CPU.Build.0 = Debug|Any CPU
		{0C7FEE28-56F6-4009-87F3-94E2809A1B83}.Release|Any CPU.ActiveCfg = Release|Any CPU
		{0C7FEE28-56F6-4009-87F3-94E2809A1B83}.Release|Any CPU.Build.0 = Release|Any CPU
	EndGlobalSection
	GlobalSection(SolutionProperties) = preSolution
		HideSolutionNode = FALSE
	EndGlobalSection
EndGlobal
